Microsoft Visual Studio Solution File, Format Version 10.00
# Visual Studio 2008
Project("{8BC9CEB8-8B4A-11D0-8D11-00A0C91BC942}") = "DistributeServer", "DistributeServer.vcproj", "{60DBCF97-109F-4E1E-A98C-D9C7C355AF2E}"
EndProject
Global
	GlobalSection(SolutionConfigurationPlatforms) = preSolution
		Debug|Win32 = Debug|Win32
		Release|Win32 = Release|Win32
		With WebLauncher|Win32 = With WebLauncher|Win32
	EndGlobalSection
	GlobalSection(ProjectConfigurationPlatforms) = postSolution
		{60DBCF97-109F-4E1E-A98C-D9C7C355AF2E}.Debug|Win32.ActiveCfg = Debug|Win32
		{60DBCF97-109F-4E1E-A98C-D9C7C355AF2E}.Debug|Win32.Build.0 = Debug|Win32
		{60DBCF97-109F-4E1E-A98C-D9C7C355AF2E}.Release|Win32.ActiveCfg = Release|Win32
		{60DBCF97-109F-4E1E-A98C-D9C7C355AF2E}.Release|Win32.Build.0 = Release|Win32
		{60DBCF97-109F-4E1E-A98C-D9C7C355AF2E}.With WebLauncher|Win32.ActiveCfg = With WebLauncher|Win32
		{60DBCF97-109F-4E1E-A98C-D9C7C355AF2E}.With WebLauncher|Win32.Build.0 = With WebLauncher|Win32
	EndGlobalSection
	GlobalSection(SolutionProperties) = preSolution
		HideSolutionNode = FALSE
	EndGlobalSection
EndGlobal
